<?xml version="1.0" encoding="utf-8"?>
<Project ToolsVersion="4.0" xmlns="http://schemas.microsoft.com/developer/msbuild/2003">
  <ItemGroup>
    <ClCompile Include="src\Matrix2D.c">
      <Filter>Math</Filter>
    </ClCompile>
    <ClCompile Include="src\Math2D.c">
      <Filter>Math</Filter>
    </ClCompile>
    <ClCompile Include="src\Vector2D.c">
      <Filter>Math</Filter>
    </ClCompile>
    <ClCompile Include="src\PhysicsMovement.cpp" />
    <ClCompile Include="src\objects.cpp" />
    <ClCompile Include="src\main.cpp" />
    <ClCompile Include="src\GameStateMgr.cpp" />
    <ClCompile Include="src\GameState_Level1.cpp" />
    <ClCompile Include="src\Particles.cpp">
      <Filter>ObjectBehaivors</Filter>
    </ClCompile>
    <ClCompile Include="src\PlayerBehavior.cpp">
      <Filter>ObjectBehaivors</Filter>
    </ClCompile>
    <ClCompile Include="src\TowerBehavior.cpp">
      <Filter>ObjectBehaivors</Filter>
    </ClCompile>
    <ClCompile Include="src\PathObjectScript.cpp">
      <Filter>ObjectBehaivors</Filter>
    </ClCompile>
    <ClCompile Include="src\EnemyBehavior.cpp">
      <Filter>ObjectBehaivors</Filter>
    </ClCompile>
    <ClCompile Include="src\CharacterSet.cpp">
      <Filter>Fonts</Filter>
    </ClCompile>
    <ClCompile Include="src\FontMain.cpp">
      <Filter>Fonts</Filter>
    </ClCompile>
    <ClCompile Include="src\TextManager.cpp">
      <Filter>Fonts</Filter>
    </ClCompile>
    <ClCompile Include="src\TextObject.cpp">
      <Filter>Fonts</Filter>
    </ClCompile>
    <ClCompile Include="src\WaveSpawnObject.cpp">
      <Filter>ObjectBehaivors</Filter>
    </ClCompile>
    <ClCompile Include="src\BinaryMap.c">
      <Filter>TileMap</Filter>
    </ClCompile>
    <ClCompile Include="src\TileSetFunctions.c">
      <Filter>TileMap</Filter>
    </ClCompile>
    <ClCompile Include="src\EnemyMapFunctions.cpp">
      <Filter>ObjectBehaivors</Filter>
    </ClCompile>
    <ClCompile Include="src\GameState_Start.cpp">
      <Filter>Menus</Filter>
    </ClCompile>
    <ClCompile Include="src\GUI_Buttons.cpp">
      <Filter>Menus\GUI</Filter>
    </ClCompile>
    <ClCompile Include="src\GameState_Lose.cpp">
      <Filter>Menus</Filter>
    </ClCompile>
    <ClCompile Include="src\GameState_LevelSelect.cpp">
      <Filter>Menus</Filter>
    </ClCompile>
    <ClCompile Include="src\animation.cpp" />
    <ClCompile Include="src\popupMenu.cpp" />
  </ItemGroup>
  <ItemGroup>
    <ClInclude Include="include\GameStateList.h" />
    <ClInclude Include="include\GameStateMgr.h" />
    <ClInclude Include="include\GameState_Level1.h" />
    <ClInclude Include="include\main.h" />
    <ClInclude Include="include\objects.h" />
    <ClInclude Include="include\Matrix2D.h">
      <Filter>Math</Filter>
    </ClInclude>
    <ClInclude Include="include\Math2D.h">
      <Filter>Math</Filter>
    </ClInclude>
    <ClInclude Include="include\Vector2D.h">
      <Filter>Math</Filter>
    </ClInclude>
    <ClInclude Include="include\TowerBehavior.h">
      <Filter>ObjectBehaivors</Filter>
    </ClInclude>
    <ClInclude Include="include\PlayerBehavior.h">
      <Filter>ObjectBehaivors</Filter>
    </ClInclude>
    <ClInclude Include="include\Particles.h">
      <Filter>ObjectBehaivors</Filter>
    </ClInclude>
    <ClInclude Include="include\2DGameEngineIncludes.h" />
    <ClInclude Include="include\PhysicsMovement.h" />
    <ClInclude Include="src\currency.h" />
    <ClInclude Include="include\PathObjectScript.h">
      <Filter>ObjectBehaivors</Filter>
    </ClInclude>
    <ClInclude Include="include\EnemyBehavior.h">
      <Filter>ObjectBehaivors</Filter>
    </ClInclude>
    <ClInclude Include="include\CharacterSet.h">
      <Filter>Fonts</Filter>
    </ClInclude>
    <ClInclude Include="include\FontTypes.h">
      <Filter>Fonts</Filter>
    </ClInclude>
    <ClInclude Include="include\TextManager.h">
      <Filter>Fonts</Filter>
    </ClInclude>
    <ClInclude Include="include\TextObject.h">
      <Filter>Fonts</Filter>
    </ClInclude>
    <ClInclude Include="src\WaveSpawnObject.h">
      <Filter>ObjectBehaivors</Filter>
    </ClInclude>
    <ClInclude Include="include\BinaryMap.h">
      <Filter>TileMap</Filter>
    </ClInclude>
    <ClInclude Include="include\TileSetFunctions.h">
      <Filter>TileMap</Filter>
    </ClInclude>
    <ClInclude Include="include\EnemyMapFunctions.h">
      <Filter>ObjectBehaivors</Filter>
    </ClInclude>
    <ClInclude Include="include\GameState_Start.h">
      <Filter>Menus</Filter>
    </ClInclude>
    <ClInclude Include="include\GUI_Buttons.h">
      <Filter>Menus\GUI</Filter>
    </ClInclude>
    <ClInclude Include="include\GameState_Lose.h">
      <Filter>Menus</Filter>
    </ClInclude>
    <ClInclude Include="include\GameState_LevelSelect.h">
      <Filter>Menus</Filter>
    </ClInclude>
    <ClInclude Include="include\animation.h" />
    <ClInclude Include="include\popupMenu.h" />
  </ItemGroup>
  <ItemGroup>
    <Image Include="textures\Doge.png">
      <Filter>Textures</Filter>
    </Image>
    <Image Include="textures\dogeJpeg.jpg">
      <Filter>Textures</Filter>
    </Image>
    <Image Include="textures\PlayerBase.png">
      <Filter>Textures</Filter>
    </Image>
    <Image Include="textures\BoatTurret.png">
      <Filter>Textures</Filter>
    </Image>
    <Image Include="textures\BoatBase.png">
      <Filter>Textures</Filter>
    </Image>
    <Image Include="textures\Bullet.png">
      <Filter>Textures</Filter>
    </Image>
    <Image Include="textures\jake.png">
      <Filter>Textures</Filter>
    </Image>
    <Image Include="textures\debugCircle.png">
      <Filter>Textures</Filter>
    </Image>
    <Image Include="textures\JELLIES.png">
      <Filter>Textures</Filter>
    </Image>
    <Image Include="textures\CharaSP.png">
      <Filter>Textures</Filter>
    </Image>
    <Image Include="textures\newTurret.png">
      <Filter>Textures</Filter>
    </Image>
    <Image Include="textures\PlayerWeaponTmp.png">
      <Filter>Textures</Filter>
    </Image>
    <Image Include="textures\coral reef.png">
      <Filter>Textures</Filter>
    </Image>
    <Image Include="textures\crabbie.png">
      <Filter>Textures</Filter>
    </Image>
    <Image Include="textures\doggie paddle.png">
      <Filter>Textures</Filter>
    </Image>
    <Image Include="textures\HealthBarEmpty.png">
      <Filter>Textures</Filter>
    </Image>
    <Image Include="textures\HealthBarFull.png">
      <Filter>Textures</Filter>
    </Image>
    <Image Include="textures\ScrollAddOn.png">
      <Filter>Textures</Filter>
    </Image>
    <Image Include="textures\ScrollBottom.png">
      <Filter>Textures</Filter>
    </Image>
    <Image Include="textures\shark.png">
      <Filter>Textures</Filter>
    </Image>
    <Image Include="textures\tilemap.png">
      <Filter>Textures</Filter>
    </Image>
    <Image Include="textures\tilemapWithPaths.png">
      <Filter>Textures</Filter>
    </Image>
    <Image Include="textures\tmpButton.png">
      <Filter>Textures</Filter>
    </Image>
    <Image Include="textures\tmpQuitButton.png">
      <Filter>Textures</Filter>
    </Image>
    <Image Include="textures\MenuButton.png">
      <Filter>Textures</Filter>
    </Image>
    <Image Include="textures\PauseScreen.png">
      <Filter>Textures</Filter>
    </Image>
    <Image Include="textures\QuitButton.png">
      <Filter>Textures</Filter>
    </Image>
    <Image Include="textures\base.png">
      <Filter>Textures</Filter>
    </Image>
    <Image Include="textures\tileMapFinished.png">
      <Filter>Textures</Filter>
    </Image>
    <Image Include="textures\MainMenuBackground.png">
      <Filter>Textures</Filter>
    </Image>
    <Image Include="textures\Level1Button.png">
      <Filter>Textures</Filter>
    </Image>
    <Image Include="textures\Level2Button.png">
      <Filter>Textures</Filter>
    </Image>
    <Image Include="textures\Level3Button.png">
      <Filter>Textures</Filter>
    </Image>
    <Image Include="textures\BackArrow.png">
      <Filter>Textures</Filter>
    </Image>
    <Image Include="textures\LevelSelectBackground.png">
      <Filter>Textures</Filter>
    </Image>
    <Image Include="textures\animTest.png">
      <Filter>Textures</Filter>
    </Image>
  </ItemGroup>
  <ItemGroup>
    <Filter Include="Math">
      <UniqueIdentifier>{4b30e378-1508-4401-96d8-6628e342492a}</UniqueIdentifier>
    </Filter>
    <Filter Include="ObjectBehaivors">
      <UniqueIdentifier>{91e1fb83-2039-411c-80ac-51fa191e351b}</UniqueIdentifier>
    </Filter>
    <Filter Include="Textures">
      <UniqueIdentifier>{a34c019c-459b-45b1-9ec6-4ab3d79f0338}</UniqueIdentifier>
    </Filter>
    <Filter Include="Fonts">
      <UniqueIdentifier>{ae63a9eb-d148-43e5-9ea1-9c4172fc83a8}</UniqueIdentifier>
    </Filter>
    <Filter Include="TileMap">
      <UniqueIdentifier>{d9fe156a-29e0-407d-97cf-4a8a03a5aec4}</UniqueIdentifier>
    </Filter>
    <Filter Include="Menus">
      <UniqueIdentifier>{adbc950c-7e39-4252-8489-2bae2367f17e}</UniqueIdentifier>
    </Filter>
    <Filter Include="Menus\GUI">
      <UniqueIdentifier>{f15a27de-d917-4c18-8067-d05b27d7d062}</UniqueIdentifier>
    </Filter>
  </ItemGroup>
</Project>